{
  "version": 4,
  "terraform_version": "1.8.3",
  "serial": 7,
  "lineage": "0919b87e-1599-8dd7-380c-b3926ce4c5cf",
  "outputs": {
    "destination_storage_account": {
      "value": "datalakegen2xyz",
      "type": "string"
    },
    "function_app_name": {
      "value": "blob-trigger-func",
      "type": "string"
    },
    "source_storage_account": {
      "value": "sourcestoragexyz",
      "type": "string"
    }
  },
  "resources": [
    {
      "mode": "data",
      "type": "azurerm_client_config",
      "name": "current",
      "provider": "provider[\"registry.terraform.io/hashicorp/azurerm\"]",
      "instances": [
        {
          "schema_version": 0,
          "attributes": {
            "client_id": "04b07795-8ddb-461a-bbee-02f9e1bf7b46",
            "id": "Y2xpZW50Q29uZmlncy9jbGllbnRJZD0wNGIwNzc5NS04ZGRiLTQ2MWEtYmJlZS0wMmY5ZTFiZjdiNDY7b2JqZWN0SWQ9NmE0MmQ4YWMtYjNjMC00NmM1LWJhM2MtM2IwNzkwMDMyNjFhO3N1YnNjcmlwdGlvbklkPTQ2NmI2MjA5LWQwNTAtNDYzYi05YWE1LWY2NmYxZDA0N2Q1ZTt0ZW5hbnRJZD1jOTZjZTU2YS05MzI0LTQ3MzUtODYwMi05MGZlMWMwOTRkNjQ=",
            "object_id": "6a42d8ac-b3c0-46c5-ba3c-3b079003261a",
            "subscription_id": "466b6209-d050-463b-9aa5-f66f1d047d5e",
            "tenant_id": "c96ce56a-9324-4735-8602-90fe1c094d64",
            "timeouts": null
          },
          "sensitive_attributes": []
        }
      ]
    },
    {
      "mode": "managed",
      "type": "random_id",
      "name": "unique_id",
      "provider": "provider[\"registry.terraform.io/hashicorp/random\"]",
      "instances": [
        {
          "schema_version": 0,
          "attributes": {
            "b64_std": "m4Pvtg==",
            "b64_url": "m4Pvtg",
            "byte_length": 4,
            "dec": "2609115062",
            "hex": "9b83efb6",
            "id": "m4Pvtg",
            "keepers": null,
            "prefix": null
          },
          "sensitive_attributes": []
        }
      ]
    }
  ],
  "check_results": null
}
