{
  "version": 4,
  "terraform_version": "1.8.3",
  "serial": 52,
  "lineage": "144b20dd-1128-4737-f350-41285c990951",
  "outputs": {
    "postgres_server_name": {
      "value": "pgsqlserver-devopstest",
      "type": "string"
    },
    "vm1_private_ip": {
      "value": "10.10.1.4",
      "type": "string"
    },
    "vm2_private_ip": {
      "value": "10.10.2.4",
      "type": "string"
    }
  },
  "resources": [
    {
      "mode": "data",
      "type": "azurerm_key_vault",
      "name": "kv",
      "provider": "provider[\"registry.terraform.io/hashicorp/azurerm\"]",
      "instances": [
        {
          "schema_version": 0,
          "attributes": {
            "access_policy": [],
            "enable_rbac_authorization": true,
            "enabled_for_deployment": false,
            "enabled_for_disk_encryption": false,
            "enabled_for_template_deployment": false,
            "id": "/subscriptions/466b6209-d050-463b-9aa5-f66f1d047d5e/resourceGroups/DevOpsResourceGroup/providers/Microsoft.KeyVault/vaults/devopsRg-test-keyvault",
            "location": "eastus",
            "name": "devopsRg-test-keyvault",
            "network_acls": [
              {
                "bypass": "None",
                "default_action": "Allow",
                "ip_rules": [],
                "virtual_network_subnet_ids": []
              }
            ],
            "public_network_access_enabled": true,
            "purge_protection_enabled": false,
            "resource_group_name": "DevOpsResourceGroup",
            "sku_name": "standard",
            "tags": {},
            "tenant_id": "c96ce56a-9324-4735-8602-90fe1c094d64",
            "timeouts": null,
            "vault_uri": "https://devopsrg-test-keyvault.vault.azure.net/"
          },
          "sensitive_attributes": []
        }
      ]
    },
    {
      "mode": "data",
      "type": "azurerm_key_vault_secret",
      "name": "db-password",
      "provider": "provider[\"registry.terraform.io/hashicorp/azurerm\"]",
      "instances": [
        {
          "schema_version": 0,
          "attributes": {
            "content_type": "",
            "expiration_date": null,
            "id": "https://devopsrg-test-keyvault.vault.azure.net/secrets/db-password/e357391a13eb45ae9bf45dd563b1abda",
            "key_vault_id": "/subscriptions/466b6209-d050-463b-9aa5-f66f1d047d5e/resourceGroups/DevOpsResourceGroup/providers/Microsoft.KeyVault/vaults/devopsRg-test-keyvault",
            "name": "db-password",
            "not_before_date": null,
            "resource_id": "/subscriptions/466b6209-d050-463b-9aa5-f66f1d047d5e/resourceGroups/DevOpsResourceGroup/providers/Microsoft.KeyVault/vaults/devopsRg-test-keyvault/secrets/db-password/versions/e357391a13eb45ae9bf45dd563b1abda",
            "resource_versionless_id": "/subscriptions/466b6209-d050-463b-9aa5-f66f1d047d5e/resourceGroups/DevOpsResourceGroup/providers/Microsoft.KeyVault/vaults/devopsRg-test-keyvault/secrets/db-password",
            "tags": {},
            "timeouts": null,
            "value": "Pd%grQwErRTcdk",
            "version": "e357391a13eb45ae9bf45dd563b1abda",
            "versionless_id": "https://devopsrg-test-keyvault.vault.azure.net/secrets/db-password"
          },
          "sensitive_attributes": [
            [
              {
                "type": "get_attr",
                "value": "value"
              }
            ]
          ]
        }
      ]
    },
    {
      "mode": "data",
      "type": "azurerm_key_vault_secret",
      "name": "db-user",
      "provider": "provider[\"registry.terraform.io/hashicorp/azurerm\"]",
      "instances": [
        {
          "schema_version": 0,
          "attributes": {
            "content_type": "",
            "expiration_date": null,
            "id": "https://devopsrg-test-keyvault.vault.azure.net/secrets/db-user/9c32ae106b37455298693374992eb4df",
            "key_vault_id": "/subscriptions/466b6209-d050-463b-9aa5-f66f1d047d5e/resourceGroups/DevOpsResourceGroup/providers/Microsoft.KeyVault/vaults/devopsRg-test-keyvault",
            "name": "db-user",
            "not_before_date": null,
            "resource_id": "/subscriptions/466b6209-d050-463b-9aa5-f66f1d047d5e/resourceGroups/DevOpsResourceGroup/providers/Microsoft.KeyVault/vaults/devopsRg-test-keyvault/secrets/db-user/versions/9c32ae106b37455298693374992eb4df",
            "resource_versionless_id": "/subscriptions/466b6209-d050-463b-9aa5-f66f1d047d5e/resourceGroups/DevOpsResourceGroup/providers/Microsoft.KeyVault/vaults/devopsRg-test-keyvault/secrets/db-user",
            "tags": {},
            "timeouts": null,
            "value": "adminpsql",
            "version": "9c32ae106b37455298693374992eb4df",
            "versionless_id": "https://devopsrg-test-keyvault.vault.azure.net/secrets/db-user"
          },
          "sensitive_attributes": [
            [
              {
                "type": "get_attr",
                "value": "value"
              }
            ]
          ]
        }
      ]
    },
    {
      "mode": "managed",
      "type": "azurerm_linux_virtual_machine",
      "name": "vm1",
      "provider": "provider[\"registry.terraform.io/hashicorp/azurerm\"]",
      "instances": [
        {
          "schema_version": 0,
          "attributes": {
            "additional_capabilities": [],
            "admin_password": null,
            "admin_ssh_key": [
              {
                "public_key": "ssh-rsa AAAAB3NzaC1yc2EAAAADAQABAAABAQC3R3bDo51eJ6FCEO39P0/9ugAb24mlRXgfQSEDZWIN/lwKUvHrfgQtjGZnFuEBdtuiHJqSwXee2R7NRcjYWPtuNwuWasRZ6HzMVbYlL1AAcVjXr1A5QU8AXdBOAB3Qc3QhyY3IUSgeLQsQ4LS/oNRGp5KRoOM4wctaprZhlGFb99kIIdQV2mAduxCQfjfvaBXmf/xrSLb/OitNxYsUTYI9uggfvTP9EEXurMZMtgRzKAHuBQZ0O/GlCA/nN/BmNPdGmrwjgeYUbOLABdaX0mmdrGdbkxgrJfUQGMlejQGUXmngk3ZE+5znf5UIUKBVmA2BGYKiZsbu68bpYCXE5KgN 90stech\\sannya@Dev300708\r\n",
                "username": "vmadmin"
              }
            ],
            "admin_username": "vmadmin",
            "allow_extension_operations": true,
            "availability_set_id": "",
            "boot_diagnostics": [],
            "bypass_platform_safety_checks_on_user_schedule_enabled": false,
            "capacity_reservation_group_id": "",
            "computer_name": "vm1",
            "custom_data": null,
            "dedicated_host_group_id": "",
            "dedicated_host_id": "",
            "disable_password_authentication": true,
            "disk_controller_type": "SCSI",
            "edge_zone": "",
            "encryption_at_host_enabled": false,
            "eviction_policy": "",
            "extensions_time_budget": "PT1H30M",
            "gallery_application": [],
            "id": "/subscriptions/466b6209-d050-463b-9aa5-f66f1d047d5e/resourceGroups/DevOpsResourceGroup/providers/Microsoft.Compute/virtualMachines/vm1",
            "identity": [],
            "license_type": "",
            "location": "eastus",
            "max_bid_price": -1,
            "name": "vm1",
            "network_interface_ids": [
              "/subscriptions/466b6209-d050-463b-9aa5-f66f1d047d5e/resourceGroups/DevOpsResourceGroup/providers/Microsoft.Network/networkInterfaces/nic-vm1"
            ],
            "os_disk": [
              {
                "caching": "ReadWrite",
                "diff_disk_settings": [],
                "disk_encryption_set_id": "",
                "disk_size_gb": 30,
                "id": "/subscriptions/466b6209-d050-463b-9aa5-f66f1d047d5e/resourceGroups/DevOpsResourceGroup/providers/Microsoft.Compute/disks/vm1-osdisk",
                "name": "vm1-osdisk",
                "secure_vm_disk_encryption_set_id": "",
                "security_encryption_type": "",
                "storage_account_type": "Standard_LRS",
                "write_accelerator_enabled": false
              }
            ],
            "os_image_notification": [],
            "patch_assessment_mode": "ImageDefault",
            "patch_mode": "ImageDefault",
            "plan": [],
            "platform_fault_domain": -1,
            "priority": "Regular",
            "private_ip_address": "10.10.1.4",
            "private_ip_addresses": [
              "10.10.1.4"
            ],
            "provision_vm_agent": true,
            "proximity_placement_group_id": "",
            "public_ip_address": "",
            "public_ip_addresses": [],
            "reboot_setting": "",
            "resource_group_name": "DevOpsResourceGroup",
            "secret": [],
            "secure_boot_enabled": false,
            "size": "Standard_B1ms",
            "source_image_id": "",
            "source_image_reference": [
              {
                "offer": "UbuntuServer",
                "publisher": "Canonical",
                "sku": "18_04-lts-gen2",
                "version": "latest"
              }
            ],
            "tags": {},
            "termination_notification": [],
            "timeouts": null,
            "user_data": "",
            "virtual_machine_id": "d3ca5069-277c-4f29-9ee4-3dbef7664c2f",
            "virtual_machine_scale_set_id": "",
            "vm_agent_platform_updates_enabled": false,
            "vtpm_enabled": false,
            "zone": ""
          },
          "sensitive_attributes": [
            [
              {
                "type": "get_attr",
                "value": "admin_password"
              }
            ],
            [
              {
                "type": "get_attr",
                "value": "custom_data"
              }
            ]
          ],
          "private": "eyJlMmJmYjczMC1lY2FhLTExZTYtOGY4OC0zNDM2M2JjN2M0YzAiOnsiY3JlYXRlIjoyNzAwMDAwMDAwMDAwLCJkZWxldGUiOjI3MDAwMDAwMDAwMDAsInJlYWQiOjMwMDAwMDAwMDAwMCwidXBkYXRlIjoyNzAwMDAwMDAwMDAwfX0=",
          "dependencies": [
            "azurerm_network_interface.nic_vm1",
            "azurerm_subnet.subnet_vm1",
            "azurerm_virtual_network.vnet"
          ]
        }
      ]
    },
    {
      "mode": "managed",
      "type": "azurerm_linux_virtual_machine",
      "name": "vm2",
      "provider": "provider[\"registry.terraform.io/hashicorp/azurerm\"]",
      "instances": [
        {
          "schema_version": 0,
          "attributes": {
            "additional_capabilities": [],
            "admin_password": null,
            "admin_ssh_key": [
              {
                "public_key": "ssh-rsa AAAAB3NzaC1yc2EAAAADAQABAAABAQC3R3bDo51eJ6FCEO39P0/9ugAb24mlRXgfQSEDZWIN/lwKUvHrfgQtjGZnFuEBdtuiHJqSwXee2R7NRcjYWPtuNwuWasRZ6HzMVbYlL1AAcVjXr1A5QU8AXdBOAB3Qc3QhyY3IUSgeLQsQ4LS/oNRGp5KRoOM4wctaprZhlGFb99kIIdQV2mAduxCQfjfvaBXmf/xrSLb/OitNxYsUTYI9uggfvTP9EEXurMZMtgRzKAHuBQZ0O/GlCA/nN/BmNPdGmrwjgeYUbOLABdaX0mmdrGdbkxgrJfUQGMlejQGUXmngk3ZE+5znf5UIUKBVmA2BGYKiZsbu68bpYCXE5KgN 90stech\\sannya@Dev300708\r\n",
                "username": "Adminuser"
              }
            ],
            "admin_username": "Adminuser",
            "allow_extension_operations": true,
            "availability_set_id": "",
            "boot_diagnostics": [],
            "bypass_platform_safety_checks_on_user_schedule_enabled": false,
            "capacity_reservation_group_id": "",
            "computer_name": "vm2",
            "custom_data": null,
            "dedicated_host_group_id": "",
            "dedicated_host_id": "",
            "disable_password_authentication": true,
            "disk_controller_type": "SCSI",
            "edge_zone": "",
            "encryption_at_host_enabled": false,
            "eviction_policy": "",
            "extensions_time_budget": "PT1H30M",
            "gallery_application": [],
            "id": "/subscriptions/466b6209-d050-463b-9aa5-f66f1d047d5e/resourceGroups/DevOpsResourceGroup/providers/Microsoft.Compute/virtualMachines/vm2",
            "identity": [],
            "license_type": "",
            "location": "eastus",
            "max_bid_price": -1,
            "name": "vm2",
            "network_interface_ids": [
              "/subscriptions/466b6209-d050-463b-9aa5-f66f1d047d5e/resourceGroups/DevOpsResourceGroup/providers/Microsoft.Network/networkInterfaces/nic-vm2"
            ],
            "os_disk": [
              {
                "caching": "ReadWrite",
                "diff_disk_settings": [],
                "disk_encryption_set_id": "",
                "disk_size_gb": 30,
                "id": "/subscriptions/466b6209-d050-463b-9aa5-f66f1d047d5e/resourceGroups/DevOpsResourceGroup/providers/Microsoft.Compute/disks/vm2-osdisk",
                "name": "vm2-osdisk",
                "secure_vm_disk_encryption_set_id": "",
                "security_encryption_type": "",
                "storage_account_type": "Standard_LRS",
                "write_accelerator_enabled": false
              }
            ],
            "os_image_notification": [],
            "patch_assessment_mode": "ImageDefault",
            "patch_mode": "ImageDefault",
            "plan": [],
            "platform_fault_domain": -1,
            "priority": "Regular",
            "private_ip_address": "10.10.2.4",
            "private_ip_addresses": [
              "10.10.2.4"
            ],
            "provision_vm_agent": true,
            "proximity_placement_group_id": "",
            "public_ip_address": "",
            "public_ip_addresses": [],
            "reboot_setting": "",
            "resource_group_name": "DevOpsResourceGroup",
            "secret": [],
            "secure_boot_enabled": false,
            "size": "Standard_B1ms",
            "source_image_id": "",
            "source_image_reference": [
              {
                "offer": "UbuntuServer",
                "publisher": "Canonical",
                "sku": "18_04-lts-gen2",
                "version": "latest"
              }
            ],
            "tags": {},
            "termination_notification": [],
            "timeouts": null,
            "user_data": "",
            "virtual_machine_id": "8d5c9a4e-1403-4137-bd7f-c623bc9e94ff",
            "virtual_machine_scale_set_id": "",
            "vm_agent_platform_updates_enabled": false,
            "vtpm_enabled": false,
            "zone": ""
          },
          "sensitive_attributes": [
            [
              {
                "type": "get_attr",
                "value": "custom_data"
              }
            ],
            [
              {
                "type": "get_attr",
                "value": "admin_password"
              }
            ]
          ],
          "private": "eyJlMmJmYjczMC1lY2FhLTExZTYtOGY4OC0zNDM2M2JjN2M0YzAiOnsiY3JlYXRlIjoyNzAwMDAwMDAwMDAwLCJkZWxldGUiOjI3MDAwMDAwMDAwMDAsInJlYWQiOjMwMDAwMDAwMDAwMCwidXBkYXRlIjoyNzAwMDAwMDAwMDAwfX0=",
          "dependencies": [
            "azurerm_network_interface.nic_vm2",
            "azurerm_subnet.subnet_vm2",
            "azurerm_virtual_network.vnet"
          ]
        }
      ]
    },
    {
      "mode": "managed",
      "type": "azurerm_network_interface",
      "name": "nic_vm1",
      "provider": "provider[\"registry.terraform.io/hashicorp/azurerm\"]",
      "instances": [
        {
          "schema_version": 0,
          "attributes": {
            "accelerated_networking_enabled": false,
            "applied_dns_servers": [],
            "auxiliary_mode": "",
            "auxiliary_sku": "",
            "dns_servers": [],
            "edge_zone": "",
            "id": "/subscriptions/466b6209-d050-463b-9aa5-f66f1d047d5e/resourceGroups/DevOpsResourceGroup/providers/Microsoft.Network/networkInterfaces/nic-vm1",
            "internal_dns_name_label": "",
            "internal_domain_name_suffix": "5dmfwhmr5azejbe4qgi3ygr2zg.bx.internal.cloudapp.net",
            "ip_configuration": [
              {
                "gateway_load_balancer_frontend_ip_configuration_id": "",
                "name": "ipconfig1",
                "primary": true,
                "private_ip_address": "10.10.1.4",
                "private_ip_address_allocation": "Dynamic",
                "private_ip_address_version": "IPv4",
                "public_ip_address_id": "",
                "subnet_id": "/subscriptions/466b6209-d050-463b-9aa5-f66f1d047d5e/resourceGroups/DevOpsResourceGroup/providers/Microsoft.Network/virtualNetworks/vnet-test-main/subnets/snet1"
              }
            ],
            "ip_forwarding_enabled": false,
            "location": "eastus",
            "mac_address": "60-45-BD-DA-DB-D1",
            "name": "nic-vm1",
            "private_ip_address": "10.10.1.4",
            "private_ip_addresses": [
              "10.10.1.4"
            ],
            "resource_group_name": "DevOpsResourceGroup",
            "tags": {},
            "timeouts": null,
            "virtual_machine_id": "/subscriptions/466b6209-d050-463b-9aa5-f66f1d047d5e/resourceGroups/DevOpsResourceGroup/providers/Microsoft.Compute/virtualMachines/vm1"
          },
          "sensitive_attributes": [],
          "private": "eyJlMmJmYjczMC1lY2FhLTExZTYtOGY4OC0zNDM2M2JjN2M0YzAiOnsiY3JlYXRlIjoxODAwMDAwMDAwMDAwLCJkZWxldGUiOjE4MDAwMDAwMDAwMDAsInJlYWQiOjMwMDAwMDAwMDAwMCwidXBkYXRlIjoxODAwMDAwMDAwMDAwfX0=",
          "dependencies": [
            "azurerm_subnet.subnet_vm1",
            "azurerm_virtual_network.vnet"
          ]
        }
      ]
    },
    {
      "mode": "managed",
      "type": "azurerm_network_interface",
      "name": "nic_vm2",
      "provider": "provider[\"registry.terraform.io/hashicorp/azurerm\"]",
      "instances": [
        {
          "schema_version": 0,
          "attributes": {
            "accelerated_networking_enabled": false,
            "applied_dns_servers": [],
            "auxiliary_mode": "",
            "auxiliary_sku": "",
            "dns_servers": [],
            "edge_zone": "",
            "id": "/subscriptions/466b6209-d050-463b-9aa5-f66f1d047d5e/resourceGroups/DevOpsResourceGroup/providers/Microsoft.Network/networkInterfaces/nic-vm2",
            "internal_dns_name_label": "",
            "internal_domain_name_suffix": "5dmfwhmr5azejbe4qgi3ygr2zg.bx.internal.cloudapp.net",
            "ip_configuration": [
              {
                "gateway_load_balancer_frontend_ip_configuration_id": "",
                "name": "ipconfig1",
                "primary": true,
                "private_ip_address": "10.10.2.4",
                "private_ip_address_allocation": "Dynamic",
                "private_ip_address_version": "IPv4",
                "public_ip_address_id": "",
                "subnet_id": "/subscriptions/466b6209-d050-463b-9aa5-f66f1d047d5e/resourceGroups/DevOpsResourceGroup/providers/Microsoft.Network/virtualNetworks/vnet-test-main/subnets/snet2"
              }
            ],
            "ip_forwarding_enabled": false,
            "location": "eastus",
            "mac_address": "60-45-BD-EE-51-75",
            "name": "nic-vm2",
            "private_ip_address": "10.10.2.4",
            "private_ip_addresses": [
              "10.10.2.4"
            ],
            "resource_group_name": "DevOpsResourceGroup",
            "tags": {},
            "timeouts": null,
            "virtual_machine_id": "/subscriptions/466b6209-d050-463b-9aa5-f66f1d047d5e/resourceGroups/DevOpsResourceGroup/providers/Microsoft.Compute/virtualMachines/vm2"
          },
          "sensitive_attributes": [],
          "private": "eyJlMmJmYjczMC1lY2FhLTExZTYtOGY4OC0zNDM2M2JjN2M0YzAiOnsiY3JlYXRlIjoxODAwMDAwMDAwMDAwLCJkZWxldGUiOjE4MDAwMDAwMDAwMDAsInJlYWQiOjMwMDAwMDAwMDAwMCwidXBkYXRlIjoxODAwMDAwMDAwMDAwfX0=",
          "dependencies": [
            "azurerm_subnet.subnet_vm2",
            "azurerm_virtual_network.vnet"
          ]
        }
      ]
    },
    {
      "mode": "managed",
      "type": "azurerm_network_security_group",
      "name": "nsg_vm1",
      "provider": "provider[\"registry.terraform.io/hashicorp/azurerm\"]",
      "instances": [
        {
          "schema_version": 0,
          "attributes": {
            "id": "/subscriptions/466b6209-d050-463b-9aa5-f66f1d047d5e/resourceGroups/DevOpsResourceGroup/providers/Microsoft.Network/networkSecurityGroups/nsg-vm1",
            "location": "eastus",
            "name": "nsg-vm1",
            "resource_group_name": "DevOpsResourceGroup",
            "security_rule": [
              {
                "access": "Allow",
                "description": "",
                "destination_address_prefix": "10.10.3.0/24",
                "destination_address_prefixes": [],
                "destination_application_security_group_ids": [],
                "destination_port_range": "5432",
                "destination_port_ranges": [],
                "direction": "Outbound",
                "name": "allow-db-from-vm1",
                "priority": 100,
                "protocol": "Tcp",
                "source_address_prefix": "*",
                "source_address_prefixes": [],
                "source_application_security_group_ids": [],
                "source_port_range": "*",
                "source_port_ranges": []
              }
            ],
            "tags": {},
            "timeouts": null
          },
          "sensitive_attributes": [],
          "private": "eyJlMmJmYjczMC1lY2FhLTExZTYtOGY4OC0zNDM2M2JjN2M0YzAiOnsiY3JlYXRlIjoxODAwMDAwMDAwMDAwLCJkZWxldGUiOjE4MDAwMDAwMDAwMDAsInJlYWQiOjMwMDAwMDAwMDAwMCwidXBkYXRlIjoxODAwMDAwMDAwMDAwfX0="
        }
      ]
    },
    {
      "mode": "managed",
      "type": "azurerm_network_security_group",
      "name": "nsg_vm2",
      "provider": "provider[\"registry.terraform.io/hashicorp/azurerm\"]",
      "instances": [
        {
          "schema_version": 0,
          "attributes": {
            "id": "/subscriptions/466b6209-d050-463b-9aa5-f66f1d047d5e/resourceGroups/DevOpsResourceGroup/providers/Microsoft.Network/networkSecurityGroups/nsg-vm2",
            "location": "eastus",
            "name": "nsg-vm2",
            "resource_group_name": "DevOpsResourceGroup",
            "security_rule": [
              {
                "access": "Deny",
                "description": "",
                "destination_address_prefix": "10.10.3.0/24",
                "destination_address_prefixes": [],
                "destination_application_security_group_ids": [],
                "destination_port_range": "5432",
                "destination_port_ranges": [],
                "direction": "Outbound",
                "name": "deny-db-from-vm2",
                "priority": 100,
                "protocol": "Tcp",
                "source_address_prefix": "*",
                "source_address_prefixes": [],
                "source_application_security_group_ids": [],
                "source_port_range": "*",
                "source_port_ranges": []
              }
            ],
            "tags": {},
            "timeouts": null
          },
          "sensitive_attributes": [],
          "private": "eyJlMmJmYjczMC1lY2FhLTExZTYtOGY4OC0zNDM2M2JjN2M0YzAiOnsiY3JlYXRlIjoxODAwMDAwMDAwMDAwLCJkZWxldGUiOjE4MDAwMDAwMDAwMDAsInJlYWQiOjMwMDAwMDAwMDAwMCwidXBkYXRlIjoxODAwMDAwMDAwMDAwfX0="
        }
      ]
    },
    {
      "mode": "managed",
      "type": "azurerm_network_security_rule",
      "name": "allow_db_from_vm1",
      "provider": "provider[\"registry.terraform.io/hashicorp/azurerm\"]",
      "instances": [
        {
          "schema_version": 0,
          "attributes": {
            "access": "Allow",
            "description": "",
            "destination_address_prefix": "10.10.3.0/24",
            "destination_address_prefixes": [],
            "destination_application_security_group_ids": [],
            "destination_port_range": "5432",
            "destination_port_ranges": [],
            "direction": "Outbound",
            "id": "/subscriptions/466b6209-d050-463b-9aa5-f66f1d047d5e/resourceGroups/DevOpsResourceGroup/providers/Microsoft.Network/networkSecurityGroups/nsg-vm1/securityRules/allow-db-from-vm1",
            "name": "allow-db-from-vm1",
            "network_security_group_name": "nsg-vm1",
            "priority": 100,
            "protocol": "Tcp",
            "resource_group_name": "DevOpsResourceGroup",
            "source_address_prefix": "*",
            "source_address_prefixes": [],
            "source_application_security_group_ids": [],
            "source_port_range": "*",
            "source_port_ranges": [],
            "timeouts": null
          },
          "sensitive_attributes": [],
          "private": "eyJlMmJmYjczMC1lY2FhLTExZTYtOGY4OC0zNDM2M2JjN2M0YzAiOnsiY3JlYXRlIjoxODAwMDAwMDAwMDAwLCJkZWxldGUiOjE4MDAwMDAwMDAwMDAsInJlYWQiOjMwMDAwMDAwMDAwMCwidXBkYXRlIjoxODAwMDAwMDAwMDAwfX0=",
          "dependencies": [
            "azurerm_network_security_group.nsg_vm1"
          ]
        }
      ]
    },
    {
      "mode": "managed",
      "type": "azurerm_network_security_rule",
      "name": "deny_db_from_vm2",
      "provider": "provider[\"registry.terraform.io/hashicorp/azurerm\"]",
      "instances": [
        {
          "schema_version": 0,
          "attributes": {
            "access": "Deny",
            "description": "",
            "destination_address_prefix": "10.10.3.0/24",
            "destination_address_prefixes": [],
            "destination_application_security_group_ids": [],
            "destination_port_range": "5432",
            "destination_port_ranges": [],
            "direction": "Outbound",
            "id": "/subscriptions/466b6209-d050-463b-9aa5-f66f1d047d5e/resourceGroups/DevOpsResourceGroup/providers/Microsoft.Network/networkSecurityGroups/nsg-vm2/securityRules/deny-db-from-vm2",
            "name": "deny-db-from-vm2",
            "network_security_group_name": "nsg-vm2",
            "priority": 100,
            "protocol": "Tcp",
            "resource_group_name": "DevOpsResourceGroup",
            "source_address_prefix": "*",
            "source_address_prefixes": [],
            "source_application_security_group_ids": [],
            "source_port_range": "*",
            "source_port_ranges": [],
            "timeouts": null
          },
          "sensitive_attributes": [],
          "private": "eyJlMmJmYjczMC1lY2FhLTExZTYtOGY4OC0zNDM2M2JjN2M0YzAiOnsiY3JlYXRlIjoxODAwMDAwMDAwMDAwLCJkZWxldGUiOjE4MDAwMDAwMDAwMDAsInJlYWQiOjMwMDAwMDAwMDAwMCwidXBkYXRlIjoxODAwMDAwMDAwMDAwfX0=",
          "dependencies": [
            "azurerm_network_security_group.nsg_vm2"
          ]
        }
      ]
    },
    {
      "mode": "managed",
      "type": "azurerm_postgresql_flexible_server",
      "name": "db",
      "provider": "provider[\"registry.terraform.io/hashicorp/azurerm\"]",
      "instances": [
        {
          "schema_version": 0,
          "attributes": {
            "administrator_login": "adminpsql",
            "administrator_password": "Pd%grQwErRTcdk",
            "administrator_password_wo": null,
            "administrator_password_wo_version": 0,
            "authentication": [
              {
                "active_directory_auth_enabled": false,
                "password_auth_enabled": true,
                "tenant_id": ""
              }
            ],
            "auto_grow_enabled": false,
            "backup_retention_days": 7,
            "create_mode": null,
            "customer_managed_key": [],
            "delegated_subnet_id": "/subscriptions/466b6209-d050-463b-9aa5-f66f1d047d5e/resourceGroups/DevOpsResourceGroup/providers/Microsoft.Network/virtualNetworks/vnet-test-main/subnets/snet-db",
            "fqdn": "pgsqlserver-devopstest.postgres.database.azure.com",
            "geo_redundant_backup_enabled": false,
            "high_availability": [],
            "id": "/subscriptions/466b6209-d050-463b-9aa5-f66f1d047d5e/resourceGroups/DevOpsResourceGroup/providers/Microsoft.DBforPostgreSQL/flexibleServers/pgsqlserver-devopstest",
            "identity": [],
            "location": "eastus",
            "maintenance_window": [],
            "name": "pgsqlserver-devopstest",
            "point_in_time_restore_time_in_utc": null,
            "private_dns_zone_id": "/subscriptions/466b6209-d050-463b-9aa5-f66f1d047d5e/resourceGroups/DevOpsResourceGroup/providers/Microsoft.Network/privateDnsZones/privatelink.postgres.database.azure.com",
            "public_network_access_enabled": false,
            "replication_role": "",
            "resource_group_name": "DevOpsResourceGroup",
            "sku_name": "B_Standard_B1ms",
            "source_server_id": null,
            "storage_mb": 32768,
            "storage_tier": "P4",
            "tags": {},
            "timeouts": null,
            "version": "14",
            "zone": "1"
          },
          "sensitive_attributes": [
            [
              {
                "type": "get_attr",
                "value": "administrator_login"
              }
            ],
            [
              {
                "type": "get_attr",
                "value": "administrator_password"
              }
            ]
          ],
          "private": "eyJlMmJmYjczMC1lY2FhLTExZTYtOGY4OC0zNDM2M2JjN2M0YzAiOnsiY3JlYXRlIjozNjAwMDAwMDAwMDAwLCJkZWxldGUiOjM2MDAwMDAwMDAwMDAsInJlYWQiOjMwMDAwMDAwMDAwMCwidXBkYXRlIjozNjAwMDAwMDAwMDAwfX0=",
          "dependencies": [
            "azurerm_private_dns_zone.postgresql_dns",
            "azurerm_private_dns_zone_virtual_network_link.postgresql_dns_link",
            "azurerm_subnet.subnet_db",
            "azurerm_virtual_network.vnet",
            "data.azurerm_key_vault.kv",
            "data.azurerm_key_vault_secret.db-password",
            "data.azurerm_key_vault_secret.db-user"
          ]
        }
      ]
    },
    {
      "mode": "managed",
      "type": "azurerm_private_dns_zone",
      "name": "postgresql_dns",
      "provider": "provider[\"registry.terraform.io/hashicorp/azurerm\"]",
      "instances": [
        {
          "schema_version": 0,
          "attributes": {
            "id": "/subscriptions/466b6209-d050-463b-9aa5-f66f1d047d5e/resourceGroups/DevOpsResourceGroup/providers/Microsoft.Network/privateDnsZones/privatelink.postgres.database.azure.com",
            "max_number_of_record_sets": 25000,
            "max_number_of_virtual_network_links": 1000,
            "max_number_of_virtual_network_links_with_registration": 100,
            "name": "privatelink.postgres.database.azure.com",
            "number_of_record_sets": 2,
            "resource_group_name": "DevOpsResourceGroup",
            "soa_record": [
              {
                "email": "azureprivatedns-host.microsoft.com",
                "expire_time": 2419200,
                "fqdn": "privatelink.postgres.database.azure.com.",
                "host_name": "azureprivatedns.net",
                "minimum_ttl": 10,
                "refresh_time": 3600,
                "retry_time": 300,
                "serial_number": 1,
                "tags": {},
                "ttl": 3600
              }
            ],
            "tags": {},
            "timeouts": null
          },
          "sensitive_attributes": [],
          "private": "eyJlMmJmYjczMC1lY2FhLTExZTYtOGY4OC0zNDM2M2JjN2M0YzAiOnsiY3JlYXRlIjoxODAwMDAwMDAwMDAwLCJkZWxldGUiOjE4MDAwMDAwMDAwMDAsInJlYWQiOjMwMDAwMDAwMDAwMCwidXBkYXRlIjoxODAwMDAwMDAwMDAwfX0="
        }
      ]
    },
    {
      "mode": "managed",
      "type": "azurerm_private_dns_zone_virtual_network_link",
      "name": "postgresql_dns_link",
      "provider": "provider[\"registry.terraform.io/hashicorp/azurerm\"]",
      "instances": [
        {
          "schema_version": 0,
          "attributes": {
            "id": "/subscriptions/466b6209-d050-463b-9aa5-f66f1d047d5e/resourceGroups/DevOpsResourceGroup/providers/Microsoft.Network/privateDnsZones/privatelink.postgres.database.azure.com/virtualNetworkLinks/postgresql-dns-link",
            "name": "postgresql-dns-link",
            "private_dns_zone_name": "privatelink.postgres.database.azure.com",
            "registration_enabled": false,
            "resource_group_name": "DevOpsResourceGroup",
            "tags": {},
            "timeouts": null,
            "virtual_network_id": "/subscriptions/466b6209-d050-463b-9aa5-f66f1d047d5e/resourceGroups/DevOpsResourceGroup/providers/Microsoft.Network/virtualNetworks/vnet-test-main"
          },
          "sensitive_attributes": [],
          "private": "eyJlMmJmYjczMC1lY2FhLTExZTYtOGY4OC0zNDM2M2JjN2M0YzAiOnsiY3JlYXRlIjoxODAwMDAwMDAwMDAwLCJkZWxldGUiOjE4MDAwMDAwMDAwMDAsInJlYWQiOjMwMDAwMDAwMDAwMCwidXBkYXRlIjoxODAwMDAwMDAwMDAwfX0=",
          "dependencies": [
            "azurerm_private_dns_zone.postgresql_dns",
            "azurerm_virtual_network.vnet"
          ]
        }
      ]
    },
    {
      "mode": "managed",
      "type": "azurerm_subnet",
      "name": "subnet_db",
      "provider": "provider[\"registry.terraform.io/hashicorp/azurerm\"]",
      "instances": [
        {
          "schema_version": 0,
          "attributes": {
            "address_prefixes": [
              "10.10.3.0/24"
            ],
            "default_outbound_access_enabled": true,
            "delegation": [
              {
                "name": "dbdelegation",
                "service_delegation": [
                  {
                    "actions": [
                      "Microsoft.Network/virtualNetworks/subnets/action"
                    ],
                    "name": "Microsoft.DBforPostgreSQL/flexibleServers"
                  }
                ]
              }
            ],
            "id": "/subscriptions/466b6209-d050-463b-9aa5-f66f1d047d5e/resourceGroups/DevOpsResourceGroup/providers/Microsoft.Network/virtualNetworks/vnet-test-main/subnets/snet-db",
            "name": "snet-db",
            "private_endpoint_network_policies": "Disabled",
            "private_link_service_network_policies_enabled": true,
            "resource_group_name": "DevOpsResourceGroup",
            "service_endpoint_policy_ids": [],
            "service_endpoints": [],
            "timeouts": null,
            "virtual_network_name": "vnet-test-main"
          },
          "sensitive_attributes": [],
          "private": "eyJlMmJmYjczMC1lY2FhLTExZTYtOGY4OC0zNDM2M2JjN2M0YzAiOnsiY3JlYXRlIjoxODAwMDAwMDAwMDAwLCJkZWxldGUiOjE4MDAwMDAwMDAwMDAsInJlYWQiOjMwMDAwMDAwMDAwMCwidXBkYXRlIjoxODAwMDAwMDAwMDAwfX0=",
          "dependencies": [
            "azurerm_virtual_network.vnet"
          ]
        }
      ]
    },
    {
      "mode": "managed",
      "type": "azurerm_subnet",
      "name": "subnet_vm1",
      "provider": "provider[\"registry.terraform.io/hashicorp/azurerm\"]",
      "instances": [
        {
          "schema_version": 0,
          "attributes": {
            "address_prefixes": [
              "10.10.1.0/24"
            ],
            "default_outbound_access_enabled": true,
            "delegation": [],
            "id": "/subscriptions/466b6209-d050-463b-9aa5-f66f1d047d5e/resourceGroups/DevOpsResourceGroup/providers/Microsoft.Network/virtualNetworks/vnet-test-main/subnets/snet1",
            "name": "snet1",
            "private_endpoint_network_policies": "Disabled",
            "private_link_service_network_policies_enabled": true,
            "resource_group_name": "DevOpsResourceGroup",
            "service_endpoint_policy_ids": [],
            "service_endpoints": [],
            "timeouts": null,
            "virtual_network_name": "vnet-test-main"
          },
          "sensitive_attributes": [],
          "private": "eyJlMmJmYjczMC1lY2FhLTExZTYtOGY4OC0zNDM2M2JjN2M0YzAiOnsiY3JlYXRlIjoxODAwMDAwMDAwMDAwLCJkZWxldGUiOjE4MDAwMDAwMDAwMDAsInJlYWQiOjMwMDAwMDAwMDAwMCwidXBkYXRlIjoxODAwMDAwMDAwMDAwfX0=",
          "dependencies": [
            "azurerm_virtual_network.vnet"
          ]
        }
      ]
    },
    {
      "mode": "managed",
      "type": "azurerm_subnet",
      "name": "subnet_vm2",
      "provider": "provider[\"registry.terraform.io/hashicorp/azurerm\"]",
      "instances": [
        {
          "schema_version": 0,
          "attributes": {
            "address_prefixes": [
              "10.10.2.0/24"
            ],
            "default_outbound_access_enabled": true,
            "delegation": [],
            "id": "/subscriptions/466b6209-d050-463b-9aa5-f66f1d047d5e/resourceGroups/DevOpsResourceGroup/providers/Microsoft.Network/virtualNetworks/vnet-test-main/subnets/snet2",
            "name": "snet2",
            "private_endpoint_network_policies": "Disabled",
            "private_link_service_network_policies_enabled": true,
            "resource_group_name": "DevOpsResourceGroup",
            "service_endpoint_policy_ids": [],
            "service_endpoints": [],
            "timeouts": null,
            "virtual_network_name": "vnet-test-main"
          },
          "sensitive_attributes": [],
          "private": "eyJlMmJmYjczMC1lY2FhLTExZTYtOGY4OC0zNDM2M2JjN2M0YzAiOnsiY3JlYXRlIjoxODAwMDAwMDAwMDAwLCJkZWxldGUiOjE4MDAwMDAwMDAwMDAsInJlYWQiOjMwMDAwMDAwMDAwMCwidXBkYXRlIjoxODAwMDAwMDAwMDAwfX0=",
          "dependencies": [
            "azurerm_virtual_network.vnet"
          ]
        }
      ]
    },
    {
      "mode": "managed",
      "type": "azurerm_subnet_network_security_group_association",
      "name": "assoc_vm1",
      "provider": "provider[\"registry.terraform.io/hashicorp/azurerm\"]",
      "instances": [
        {
          "schema_version": 0,
          "attributes": {
            "id": "/subscriptions/466b6209-d050-463b-9aa5-f66f1d047d5e/resourceGroups/DevOpsResourceGroup/providers/Microsoft.Network/virtualNetworks/vnet-test-main/subnets/snet1",
            "network_security_group_id": "/subscriptions/466b6209-d050-463b-9aa5-f66f1d047d5e/resourceGroups/DevOpsResourceGroup/providers/Microsoft.Network/networkSecurityGroups/nsg-vm1",
            "subnet_id": "/subscriptions/466b6209-d050-463b-9aa5-f66f1d047d5e/resourceGroups/DevOpsResourceGroup/providers/Microsoft.Network/virtualNetworks/vnet-test-main/subnets/snet1",
            "timeouts": null
          },
          "sensitive_attributes": [],
          "private": "eyJlMmJmYjczMC1lY2FhLTExZTYtOGY4OC0zNDM2M2JjN2M0YzAiOnsiY3JlYXRlIjoxODAwMDAwMDAwMDAwLCJkZWxldGUiOjE4MDAwMDAwMDAwMDAsInJlYWQiOjMwMDAwMDAwMDAwMH19",
          "dependencies": [
            "azurerm_network_security_group.nsg_vm1",
            "azurerm_subnet.subnet_vm1",
            "azurerm_virtual_network.vnet"
          ]
        }
      ]
    },
    {
      "mode": "managed",
      "type": "azurerm_subnet_network_security_group_association",
      "name": "assoc_vm2",
      "provider": "provider[\"registry.terraform.io/hashicorp/azurerm\"]",
      "instances": [
        {
          "schema_version": 0,
          "attributes": {
            "id": "/subscriptions/466b6209-d050-463b-9aa5-f66f1d047d5e/resourceGroups/DevOpsResourceGroup/providers/Microsoft.Network/virtualNetworks/vnet-test-main/subnets/snet2",
            "network_security_group_id": "/subscriptions/466b6209-d050-463b-9aa5-f66f1d047d5e/resourceGroups/DevOpsResourceGroup/providers/Microsoft.Network/networkSecurityGroups/nsg-vm2",
            "subnet_id": "/subscriptions/466b6209-d050-463b-9aa5-f66f1d047d5e/resourceGroups/DevOpsResourceGroup/providers/Microsoft.Network/virtualNetworks/vnet-test-main/subnets/snet2",
            "timeouts": null
          },
          "sensitive_attributes": [],
          "private": "eyJlMmJmYjczMC1lY2FhLTExZTYtOGY4OC0zNDM2M2JjN2M0YzAiOnsiY3JlYXRlIjoxODAwMDAwMDAwMDAwLCJkZWxldGUiOjE4MDAwMDAwMDAwMDAsInJlYWQiOjMwMDAwMDAwMDAwMH19",
          "dependencies": [
            "azurerm_network_security_group.nsg_vm2",
            "azurerm_subnet.subnet_vm2",
            "azurerm_virtual_network.vnet"
          ]
        }
      ]
    },
    {
      "mode": "managed",
      "type": "azurerm_virtual_network",
      "name": "vnet",
      "provider": "provider[\"registry.terraform.io/hashicorp/azurerm\"]",
      "instances": [
        {
          "schema_version": 0,
          "attributes": {
            "address_space": [
              "10.10.0.0/16"
            ],
            "bgp_community": "",
            "ddos_protection_plan": [],
            "dns_servers": [],
            "edge_zone": "",
            "encryption": [],
            "flow_timeout_in_minutes": 0,
            "guid": "1d5bd8f8-f891-4432-849e-8191dc1a3cce",
            "id": "/subscriptions/466b6209-d050-463b-9aa5-f66f1d047d5e/resourceGroups/DevOpsResourceGroup/providers/Microsoft.Network/virtualNetworks/vnet-test-main",
            "ip_address_pool": [],
            "location": "eastus",
            "name": "vnet-test-main",
            "private_endpoint_vnet_policies": "Disabled",
            "resource_group_name": "DevOpsResourceGroup",
            "subnet": [
              {
                "address_prefixes": [
                  "10.10.1.0/24"
                ],
                "default_outbound_access_enabled": true,
                "delegation": [],
                "id": "/subscriptions/466b6209-d050-463b-9aa5-f66f1d047d5e/resourceGroups/DevOpsResourceGroup/providers/Microsoft.Network/virtualNetworks/vnet-test-main/subnets/snet1",
                "name": "snet1",
                "private_endpoint_network_policies": "Disabled",
                "private_link_service_network_policies_enabled": true,
                "route_table_id": "",
                "security_group": "/subscriptions/466b6209-d050-463b-9aa5-f66f1d047d5e/resourceGroups/DevOpsResourceGroup/providers/Microsoft.Network/networkSecurityGroups/nsg-vm1",
                "service_endpoint_policy_ids": [],
                "service_endpoints": []
              },
              {
                "address_prefixes": [
                  "10.10.2.0/24"
                ],
                "default_outbound_access_enabled": true,
                "delegation": [],
                "id": "/subscriptions/466b6209-d050-463b-9aa5-f66f1d047d5e/resourceGroups/DevOpsResourceGroup/providers/Microsoft.Network/virtualNetworks/vnet-test-main/subnets/snet2",
                "name": "snet2",
                "private_endpoint_network_policies": "Disabled",
                "private_link_service_network_policies_enabled": true,
                "route_table_id": "",
                "security_group": "/subscriptions/466b6209-d050-463b-9aa5-f66f1d047d5e/resourceGroups/DevOpsResourceGroup/providers/Microsoft.Network/networkSecurityGroups/nsg-vm2",
                "service_endpoint_policy_ids": [],
                "service_endpoints": []
              },
              {
                "address_prefixes": [
                  "10.10.3.0/24"
                ],
                "default_outbound_access_enabled": true,
                "delegation": [
                  {
                    "name": "dbdelegation",
                    "service_delegation": [
                      {
                        "actions": [
                          "Microsoft.Network/virtualNetworks/subnets/join/action"
                        ],
                        "name": "Microsoft.DBforPostgreSQL/flexibleServers"
                      }
                    ]
                  }
                ],
                "id": "/subscriptions/466b6209-d050-463b-9aa5-f66f1d047d5e/resourceGroups/DevOpsResourceGroup/providers/Microsoft.Network/virtualNetworks/vnet-test-main/subnets/snet-db",
                "name": "snet-db",
                "private_endpoint_network_policies": "Disabled",
                "private_link_service_network_policies_enabled": true,
                "route_table_id": "",
                "security_group": "",
                "service_endpoint_policy_ids": [],
                "service_endpoints": [
                  "Microsoft.Storage"
                ]
              }
            ],
            "tags": {},
            "timeouts": null
          },
          "sensitive_attributes": [],
          "private": "eyJlMmJmYjczMC1lY2FhLTExZTYtOGY4OC0zNDM2M2JjN2M0YzAiOnsiY3JlYXRlIjoxODAwMDAwMDAwMDAwLCJkZWxldGUiOjE4MDAwMDAwMDAwMDAsInJlYWQiOjMwMDAwMDAwMDAwMCwidXBkYXRlIjoxODAwMDAwMDAwMDAwfX0="
        }
      ]
    }
  ],
  "check_results": null
}
